github.com/mdm-code/scanner v1.2.1 h1:GZ1DYAkhTXK+M4AG65L5fnl5eUt7M6XDAYBVZNH+cBc=
github.com/mdm-code/scanner v1.2.1/go.mod h1:ut94FGYZVrQk7uBkf0vJ0ngKuJbdkTEDnmY07ZI8yb0=
github.com/pelletier/go-toml/v2 v2.4.3 h1:GTRvJQutkOSftxIFD5xw9aepkYNuPWmVJpffdDPYVpY=
github.com/pelletier/go-toml/v2 v2.4.3/go.mod h1:2gIqNv+qfxSVS7cM2xJQKtLSTLUE9V8t9Stt+h56mCY=
